<?xml version="1.0" encoding="utf-8"?>
<Project ToolsVersion="4.0" xmlns="http://schemas.microsoft.com/developer/msbuild/2003">
  <ItemGroup>
    <Filter Include="Source Files">
      <UniqueIdentifier>{4FC737F1-C7A5-4376-A066-2A32D752A2FF}</UniqueIdentifier>
      <Extensions>cpp;c;cc;cxx;def;odl;idl;hpj;bat;asm;asmx</Extensions>
    </Filter>
    <Filter Include="Header Files">
      <UniqueIdentifier>{93995380-89BD-4b04-88EB-625FBE52EBFB}</UniqueIdentifier>
      <Extensions>h;hpp;hxx;hm;inl;inc;xsd</Extensions>
    </Filter>
    <Filter Include="Resource Files">
      <UniqueIdentifier>{67DA6AB6-F800-4c08-8B7A-83BB121AAD01}</UniqueIdentifier>
      <Extensions>rc;ico;cur;bmp;dlg;rc2;rct;bin;rgs;gif;jpg;jpeg;jpe;resx;tiff;tif;png;wav;mfcribbon-ms</Extensions>
    </Filter>
    <Filter Include="Header Files\PGE">
      <UniqueIdentifier>{c91785f6-218d-4c40-8a9a-3f87a61e4ae3}</UniqueIdentifier>
    </Filter>
    <Filter Include="Header Files\PGE\PURE">
      <UniqueIdentifier>{9a12646e-2380-4682-b7a6-7cdd0b5b3aea}</UniqueIdentifier>
    </Filter>
    <Filter Include="Header Files\PGE\PURE\Display">
      <UniqueIdentifier>{cb788b70-102f-4316-b497-92b04443eafe}</UniqueIdentifier>
    </Filter>
    <Filter Include="Header Files\PGE\PURE\Hardware">
      <UniqueIdentifier>{c697bb94-4d25-4c48-ad33-7b93dfed452e}</UniqueIdentifier>
    </Filter>
    <Filter Include="Header Files\PGE\PURE\Material">
      <UniqueIdentifier>{dea9b8e8-682f-4162-a914-dc646df77a9b}</UniqueIdentifier>
    </Filter>
    <Filter Include="Header Files\PGE\PURE\Object3D">
      <UniqueIdentifier>{6ec22d62-ee32-454b-b19c-342ff80c2cb8}</UniqueIdentifier>
    </Filter>
    <Filter Include="Header Files\PGE\PURE\Render">
      <UniqueIdentifier>{b7f00aeb-e3f3-4ae1-b12c-74dda557a4ec}</UniqueIdentifier>
    </Filter>
    <Filter Include="Header Files\PGE\PURE\Math">
      <UniqueIdentifier>{50fb4ea4-4c98-4fed-807a-6a282a85aaa8}</UniqueIdentifier>
    </Filter>
    <Filter Include="Header Files\PFL">
      <UniqueIdentifier>{eb56a08c-78f5-4065-92d8-b2f28adf77a7}</UniqueIdentifier>
    </Filter>
  </ItemGroup>
  <ItemGroup>
    <ClInclude Include="stdafx.h">
      <Filter>Header Files</Filter>
    </ClInclude>
    <ClInclude Include="targetver.h">
      <Filter>Header Files</Filter>
    </ClInclude>
    <ClInclude Include="gfxcore2.h">
      <Filter>Header Files</Filter>
    </ClInclude>
    <ClInclude Include="..\..\..\PGE\PGE\PURE\include\external\Display\PureScreen.h">
      <Filter>Header Files\PGE\PURE\Display</Filter>
    </ClInclude>
    <ClInclude Include="..\..\..\PGE\PGE\PURE\include\external\Display\PureWindow.h">
      <Filter>Header Files\PGE\PURE\Display</Filter>
    </ClInclude>
    <ClInclude Include="..\..\..\PGE\PGE\PURE\include\external\Hardware\PureHwAudio.h">
      <Filter>Header Files\PGE\PURE\Hardware</Filter>
    </ClInclude>
    <ClInclude Include="..\..\..\PGE\PGE\PURE\include\external\Hardware\PureHwBase.h">
      <Filter>Header Files\PGE\PURE\Hardware</Filter>
    </ClInclude>
    <ClInclude Include="..\..\..\PGE\PGE\PURE\include\external\Hardware\PureHwCentralProcessor.h">
      <Filter>Header Files\PGE\PURE\Hardware</Filter>
    </ClInclude>
    <ClInclude Include="..\..\..\PGE\PGE\PURE\include\external\Hardware\PureHwInfo.h">
      <Filter>Header Files\PGE\PURE\Hardware</Filter>
    </ClInclude>
    <ClInclude Include="..\..\..\PGE\PGE\PURE\include\external\Hardware\PureHwSystemMemory.h">
      <Filter>Header Files\PGE\PURE\Hardware</Filter>
    </ClInclude>
    <ClInclude Include="..\..\..\PGE\PGE\PURE\include\external\Hardware\PureHwVideo.h">
      <Filter>Header Files\PGE\PURE\Hardware</Filter>
    </ClInclude>
    <ClInclude Include="..\..\..\PGE\PGE\PURE\include\external\Material\PureColor.h">
      <Filter>Header Files\PGE\PURE\Material</Filter>
    </ClInclude>
    <ClInclude Include="..\..\..\PGE\PGE\PURE\include\external\Material\PureImageManager.h">
      <Filter>Header Files\PGE\PURE\Material</Filter>
    </ClInclude>
    <ClInclude Include="..\..\..\PGE\PGE\PURE\include\external\Material\PureMaterialManager.h">
      <Filter>Header Files\PGE\PURE\Material</Filter>
    </ClInclude>
    <ClInclude Include="..\..\..\PGE\PGE\PURE\include\external\Material\PureTextureManager.h">
      <Filter>Header Files\PGE\PURE\Material</Filter>
    </ClInclude>
    <ClInclude Include="..\..\..\PGE\PGE\PURE\include\external\Math\PureMatrix.h">
      <Filter>Header Files\PGE\PURE\Math</Filter>
    </ClInclude>
    <ClInclude Include="..\..\..\PGE\PGE\PURE\include\external\Math\PurePosUpTarget.h">
      <Filter>Header Files\PGE\PURE\Math</Filter>
    </ClInclude>
    <ClInclude Include="..\..\..\PGE\PGE\PURE\include\external\Math\PureTransformMatrix.h">
      <Filter>Header Files\PGE\PURE\Math</Filter>
    </ClInclude>
    <ClInclude Include="..\..\..\PGE\PGE\PURE\include\external\Math\PureVector.h">
      <Filter>Header Files\PGE\PURE\Math</Filter>
    </ClInclude>
    <ClInclude Include="..\..\..\PGE\PGE\PURE\include\external\Object3D\PureMesh3DManager.h">
      <Filter>Header Files\PGE\PURE\Object3D</Filter>
    </ClInclude>
    <ClInclude Include="..\..\..\PGE\PGE\PURE\include\external\Object3D\PureObject3DManager.h">
      <Filter>Header Files\PGE\PURE\Object3D</Filter>
    </ClInclude>
    <ClInclude Include="..\..\..\PGE\PGE\PURE\include\external\Object3D\PureVertexTransferMode.h">
      <Filter>Header Files\PGE\PURE\Object3D</Filter>
    </ClInclude>
    <ClInclude Include="..\..\..\PGE\PGE\PURE\include\external\Render\PureIIncrementalRenderPipeline.h">
      <Filter>Header Files\PGE\PURE\Render</Filter>
    </ClInclude>
    <ClInclude Include="..\..\..\PGE\PGE\PURE\include\external\Render\PureIRenderable.h">
      <Filter>Header Files\PGE\PURE\Render</Filter>
    </ClInclude>
    <ClInclude Include="..\..\..\PGE\PGE\PURE\include\external\Render\PureIRenderer.h">
      <Filter>Header Files\PGE\PURE\Render</Filter>
    </ClInclude>
    <ClInclude Include="..\..\..\PGE\PGE\PURE\include\external\Render\PureRendererHWfixedPipe.h">
      <Filter>Header Files\PGE\PURE\Render</Filter>
    </ClInclude>
    <ClInclude Include="..\..\..\PGE\PGE\PURE\include\external\Render\PureRendererSWincremental.h">
      <Filter>Header Files\PGE\PURE\Render</Filter>
    </ClInclude>
    <ClInclude Include="..\..\..\PGE\PGE\PURE\include\external\PureAllHeaders.h">
      <Filter>Header Files\PGE\PURE</Filter>
    </ClInclude>
    <ClInclude Include="..\..\..\PGE\PGE\PURE\include\external\PureCamera.h">
      <Filter>Header Files\PGE\PURE</Filter>
    </ClInclude>
    <ClInclude Include="..\..\..\PGE\PGE\PURE\include\external\PureFiledManager.h">
      <Filter>Header Files\PGE\PURE</Filter>
    </ClInclude>
    <ClInclude Include="..\..\..\PGE\PGE\PURE\include\external\PureManager.h">
      <Filter>Header Files\PGE\PURE</Filter>
    </ClInclude>
    <ClInclude Include="..\..\..\PGE\PGE\PURE\include\external\PureTypes.h">
      <Filter>Header Files\PGE\PURE</Filter>
    </ClInclude>
    <ClInclude Include="..\..\..\PGE\PGE\PURE\include\external\PureUiManager.h">
      <Filter>Header Files\PGE\PURE</Filter>
    </ClInclude>
    <ClInclude Include="..\..\..\PGE\PGE\PURE\include\external\PR00FsUltimateRenderingEngine.h">
      <Filter>Header Files\PGE\PURE</Filter>
    </ClInclude>
    <ClInclude Include="..\..\..\PFL\PFL\winproof88.h">
      <Filter>Header Files\PFL</Filter>
    </ClInclude>
  </ItemGroup>
  <ItemGroup>
    <ClCompile Include="stdafx.cpp">
      <Filter>Source Files</Filter>
    </ClCompile>
    <ClCompile Include="gfxcore2.cpp">
      <Filter>Source Files</Filter>
    </ClCompile>
    <ClCompile Include="dllmain.cpp">
      <Filter>Source Files</Filter>
    </ClCompile>
  </ItemGroup>
  <ItemGroup>
    <None Include="gfxcore2.def">
      <Filter>Source Files</Filter>
    </None>
  </ItemGroup>
</Project>